
Microsoft Visual Studio Solution File, Format Version 12.00
# Visual Studio Version 17
VisualStudioVersion = 17.5.33502.453
MinimumVisualStudioVersion = 10.0.40219.1
Project("{FAE04EC0-301F-11D3-BF4B-00C04F79EFBC}") = "serverExample", "serverExample.csproj", "{A3FED07C-836F-4209-B208-9BD583660D2C}"
EndProject
Project("{FAE04EC0-301F-11D3-BF4B-00C04F79EFBC}") = "Repository", "..\Repository\Repository.csproj", "{1283E570-0097-4A79-BE19-17C5134AA679}"
EndProject
Global
	GlobalSection(SolutionConfigurationPlatforms) = preSolution
		Debug|Any CPU = Debug|Any CPU
		Release|Any CPU = Release|Any CPU
	EndGlobalSection
	GlobalSection(ProjectConfigurationPlatforms) = postSolution
		{A3FED07C-836F-4209-B208-9BD583660D2C}.Debug|Any CPU.ActiveCfg = Debug|Any CPU
		{A3FED07C-836F-4209-B208-9BD583660D2C}.Debug|Any CPU.Build.0 = Debug|Any CPU
		{A3FED07C-836F-4209-B208-9BD583660D2C}.Release|Any CPU.ActiveCfg = Release|Any CPU
		{A3FED07C-836F-4209-B208-9BD583660D2C}.Release|Any CPU.Build.0 = Release|Any CPU
		{1283E570-0097-4A79-BE19-17C5134AA679}.Debug|Any CPU.ActiveCfg = Debug|Any CPU
		{1283E570-0097-4A79-BE19-17C5134AA679}.Debug|Any CPU.Build.0 = Debug|Any CPU
		{1283E570-0097-4A79-BE19-17C5134AA679}.Release|Any CPU.ActiveCfg = Release|Any CPU
		{1283E570-0097-4A79-BE19-17C5134AA679}.Release|Any CPU.Build.0 = Release|Any CPU
	EndGlobalSection
	GlobalSection(SolutionProperties) = preSolution
		HideSolutionNode = FALSE
	EndGlobalSection
	GlobalSection(ExtensibilityGlobals) = postSolution
		SolutionGuid = {2A75669D-FE60-46FD-A559-6BE0BEF6D410}
	EndGlobalSection
EndGlobal
